{
    "version": 3,
    "terraform_version": "0.11.10",
    "serial": 5,
    "lineage": "53303ec0-2d7b-e68e-32a1-e72d5b988b7f",
    "modules": [
        {
            "path": [
                "root"
            ],
            "outputs": {},
            "resources": {
                "azurerm_resource_group.lab2": {
                    "type": "azurerm_resource_group",
                    "depends_on": [],
                    "primary": {
                        "id": "/subscriptions/72b61f0d-9bea-401f-ba03-2053af77b5e7/resourceGroups/terraform-lab2",
                        "attributes": {
                            "id": "/subscriptions/72b61f0d-9bea-401f-ba03-2053af77b5e7/resourceGroups/terraform-lab2",
                            "location": "eastus2",
                            "name": "terraform-lab2",
                            "tags.%": "2",
                            "tags.environment": "training",
                            "tags.type": "terraform test"
                        },
                        "meta": {},
                        "tainted": false
                    },
                    "deposed": [],
                    "provider": "provider.azurerm"
                },
                "azurerm_storage_account.lab2sa": {
                    "type": "azurerm_storage_account",
                    "depends_on": [
                        "azurerm_resource_group.lab2"
                    ],
                    "primary": {
                        "id": "/subscriptions/72b61f0d-9bea-401f-ba03-2053af77b5e7/resourceGroups/terraform-lab2/providers/Microsoft.Storage/storageAccounts/dapolnarlab2",
                        "attributes": {
                            "access_tier": "",
                            "account_encryption_source": "Microsoft.Storage",
                            "account_kind": "Storage",
                            "account_replication_type": "LRS",
                            "account_tier": "Standard",
                            "account_type": "Standard_LRS",
                            "enable_blob_encryption": "true",
                            "enable_file_encryption": "true",
                            "enable_https_traffic_only": "false",
                            "id": "/subscriptions/72b61f0d-9bea-401f-ba03-2053af77b5e7/resourceGroups/terraform-lab2/providers/Microsoft.Storage/storageAccounts/dapolnarlab2",
                            "identity.#": "0",
                            "location": "eastus2",
                            "name": "dapolnarlab2",
                            "network_rules.#": "0",
                            "primary_access_key": "Q2d/zA9jRaSSFS2diWeUilHAuREfKgFGxnGxTnmwX5ibUIrwMfyJgdoB0r6cdKBvFCcGlVzyN/ytMY/worXYFg==",
                            "primary_blob_connection_string": "DefaultEndpointsProtocol=https;BlobEndpoint=https://dapolnarlab2.blob.core.windows.net/;AccountName=dapolnarlab2;AccountKey=Q2d/zA9jRaSSFS2diWeUilHAuREfKgFGxnGxTnmwX5ibUIrwMfyJgdoB0r6cdKBvFCcGlVzyN/ytMY/worXYFg==",
                            "primary_blob_endpoint": "https://dapolnarlab2.blob.core.windows.net/",
                            "primary_connection_string": "DefaultEndpointsProtocol=https;AccountName=dapolnarlab2;AccountKey=Q2d/zA9jRaSSFS2diWeUilHAuREfKgFGxnGxTnmwX5ibUIrwMfyJgdoB0r6cdKBvFCcGlVzyN/ytMY/worXYFg==;EndpointSuffix=core.windows.net",
                            "primary_file_endpoint": "https://dapolnarlab2.file.core.windows.net/",
                            "primary_location": "eastus2",
                            "primary_queue_endpoint": "https://dapolnarlab2.queue.core.windows.net/",
                            "primary_table_endpoint": "https://dapolnarlab2.table.core.windows.net/",
                            "resource_group_name": "terraform-lab2",
                            "secondary_access_key": "m+L04zsq6hkXP6UKw+6UhNmYegdQcQhS8iiWaJNs0YYszvswEVOsgO9x4XPRy20pkXgniJbT23dJUFX5wHjb2Q==",
                            "secondary_connection_string": "DefaultEndpointsProtocol=https;AccountName=dapolnarlab2;AccountKey=m+L04zsq6hkXP6UKw+6UhNmYegdQcQhS8iiWaJNs0YYszvswEVOsgO9x4XPRy20pkXgniJbT23dJUFX5wHjb2Q==;EndpointSuffix=core.windows.net",
                            "secondary_location": "",
                            "tags.%": "2",
                            "tags.environment": "training",
                            "tags.source": "citadel"
                        },
                        "meta": {
                            "schema_version": "2"
                        },
                        "tainted": false
                    },
                    "deposed": [],
                    "provider": "provider.azurerm"
                }
            },
            "depends_on": []
        }
    ]
}
